# This file is generated by running "yarn install" inside your project.
# Manual changes might be lost - proceed with caution!

__metadata:
  version: 6
  cacheKey: 8

"@hadihallak/stitches-dynamic-variants@workspace:.":
  version: 0.0.0-use.local
  resolution: "@hadihallak/stitches-dynamic-variants@workspace:."
  dependencies:
    "@stitches/react": ^1.2.8
  languageName: unknown
  linkType: soft

"@stitches/react@npm:^1.2.8":
  version: 1.2.8
  resolution: "@stitches/react@npm:1.2.8"
  peerDependencies:
    react: ">= 16.3.0"
  checksum: 029795323cdedb5599ec0636526fc233b2cf41fa9c1f4a704b1f7f457c6170053384a7430afed45e25f73e348d7c391cf1379bc079943cd9cad44302234a5244
  languageName: node
  linkType: hard
